{
  "name": "@qodalis/cli-text-to-image",
  "version": "0.0.2",
  "lockfileVersion": 3,
  "requires": true,
  "packages": {
    "": {
      "name": "@qodalis/cli-text-to-image",
      "version": "0.0.2",
      "license": "MIT",
      "dependencies": {
        "@qodalis/angular-cli": "^1.0.15",
        "@qodalis/cli-core": "^0.0.6",
        "tslib": "^2.3.0"
      },
      "peerDependencies": {
        "@angular/common": "^16.2.0",
        "@angular/core": "^16.2.0"
      }
    },
    "node_modules/@angular/common": {
      "version": "16.2.12",
      "resolved": "https://registry.npmjs.org/@angular/common/-/common-16.2.12.tgz",
      "integrity": "sha512-B+WY/cT2VgEaz9HfJitBmgdk4I333XG/ybC98CMC4Wz8E49T8yzivmmxXB3OD6qvjcOB6ftuicl6WBqLbZNg2w==",
      "license": "MIT",
      "peer": true,
      "dependencies": {
        "tslib": "^2.3.0"
      },
      "engines": {
        "node": "^16.14.0 || >=18.10.0"
      },
      "peerDependencies": {
        "@angular/core": "16.2.12",
        "rxjs": "^6.5.3 || ^7.4.0"
      }
    },
    "node_modules/@angular/core": {
      "version": "16.2.12",
      "resolved": "https://registry.npmjs.org/@angular/core/-/core-16.2.12.tgz",
      "integrity": "sha512-GLLlDeke/NjroaLYOks0uyzFVo6HyLl7VOm0K1QpLXnYvW63W9Ql/T3yguRZa7tRkOAeFZ3jw+1wnBD4O8MoUA==",
      "license": "MIT",
      "peer": true,
      "dependencies": {
        "tslib": "^2.3.0"
      },
      "engines": {
        "node": "^16.14.0 || >=18.10.0"
      },
      "peerDependencies": {
        "rxjs": "^6.5.3 || ^7.4.0",
        "zone.js": "~0.13.0"
      }
    },
    "node_modules/@qodalis/angular-cli": {
      "version": "1.0.21",
      "resolved": "https://registry.npmjs.org/@qodalis/angular-cli/-/angular-cli-1.0.21.tgz",
      "integrity": "sha512-fePRXYbRyOd6U+8mPrUQudXwiDTGjjCpQvgPnnsyBN/XuDi9P02eWUTuAnsDp3ojshDu4w5xp7VoUMyhRPv9gw==",
      "license": "MIT",
      "dependencies": {
        "@qodalis/cli-core": "^0.0.6",
        "@xterm/addon-fit": "^0.10.0",
        "@xterm/xterm": "^5.5.0",
        "tslib": "^2.3.0"
      },
      "peerDependencies": {
        "@angular/common": "^16.2.0",
        "@angular/core": "^16.2.0"
      }
    },
    "node_modules/@qodalis/cli-core": {
      "version": "0.0.6",
      "resolved": "https://registry.npmjs.org/@qodalis/cli-core/-/cli-core-0.0.6.tgz",
      "integrity": "sha512-JYCqFKdb5exzgi8XGNTYL/b3fY8fEHNTVsk77K1NBTYmc00h2zsHZ/no02ll/WVermYrAjFj6SsqfavE3nViuw==",
      "license": "MIT",
      "dependencies": {
        "@xterm/xterm": "^5.5.0",
        "tslib": "^2.3.0"
      },
      "peerDependencies": {
        "@angular/common": "^16.2.0",
        "@angular/core": "^16.2.0"
      }
    },
    "node_modules/@xterm/addon-fit": {
      "version": "0.10.0",
      "resolved": "https://registry.npmjs.org/@xterm/addon-fit/-/addon-fit-0.10.0.tgz",
      "integrity": "sha512-UFYkDm4HUahf2lnEyHvio51TNGiLK66mqP2JoATy7hRZeXaGMRDr00JiSF7m63vR5WKATF605yEggJKsw0JpMQ==",
      "license": "MIT",
      "peerDependencies": {
        "@xterm/xterm": "^5.0.0"
      }
    },
    "node_modules/@xterm/xterm": {
      "version": "5.5.0",
      "resolved": "https://registry.npmjs.org/@xterm/xterm/-/xterm-5.5.0.tgz",
      "integrity": "sha512-hqJHYaQb5OptNunnyAnkHyM8aCjZ1MEIDTQu1iIbbTD/xops91NB5yq1ZK/dC2JDbVWtF23zUtl9JE2NqwT87A==",
      "license": "MIT"
    },
    "node_modules/rxjs": {
      "version": "7.8.1",
      "resolved": "https://registry.npmjs.org/rxjs/-/rxjs-7.8.1.tgz",
      "integrity": "sha512-AA3TVj+0A2iuIoQkWEK/tqFjBq2j+6PO6Y0zJcvzLAFhEFIO3HL0vls9hWLncZbAAbK0mar7oZ4V079I/qPMxg==",
      "license": "Apache-2.0",
      "peer": true,
      "dependencies": {
        "tslib": "^2.1.0"
      }
    },
    "node_modules/tslib": {
      "version": "2.8.1",
      "resolved": "https://registry.npmjs.org/tslib/-/tslib-2.8.1.tgz",
      "integrity": "sha512-oJFu94HQb+KVduSUQL7wnpmqnfmLsOA/nAh6b6EH0wCEoK0/mPeXU6c3wKDV83MkOuHPRHtSXKKU99IBazS/2w==",
      "license": "0BSD"
    },
    "node_modules/zone.js": {
      "version": "0.13.3",
      "resolved": "https://registry.npmjs.org/zone.js/-/zone.js-0.13.3.tgz",
      "integrity": "sha512-MKPbmZie6fASC/ps4dkmIhaT5eonHkEt6eAy80K42tAm0G2W+AahLJjbfi6X9NPdciOE9GRFTTM8u2IiF6O3ww==",
      "license": "MIT",
      "peer": true,
      "dependencies": {
        "tslib": "^2.3.0"
      }
    }
  }
}
