{
  "name": "@qodalis/cli-qr",
  "version": "0.0.1",
  "lockfileVersion": 3,
  "requires": true,
  "packages": {
    "": {
      "name": "@qodalis/cli-qr",
      "version": "0.0.1",
      "license": "MIT",
      "dependencies": {
        "@qodalis/angular-cli": "^1.0.22",
        "@qodalis/cli-core": "^0.0.7",
        "canvas": "^3.1.0",
        "qr-code-styling": "^1.9.1",
        "tslib": "^2.3.0"
      },
      "devDependencies": {
        "@types/jsdom": "^21.1.7",
        "@types/node": "^22.13.11",
        "@types/qrcode": "^1.5.5"
      },
      "peerDependencies": {
        "@angular/common": "^16.2.0",
        "@angular/core": "^16.2.0"
      }
    },
    "node_modules/@angular/common": {
      "version": "16.2.12",
      "resolved": "https://registry.npmjs.org/@angular/common/-/common-16.2.12.tgz",
      "integrity": "sha512-B+WY/cT2VgEaz9HfJitBmgdk4I333XG/ybC98CMC4Wz8E49T8yzivmmxXB3OD6qvjcOB6ftuicl6WBqLbZNg2w==",
      "license": "MIT",
      "peer": true,
      "dependencies": {
        "tslib": "^2.3.0"
      },
      "engines": {
        "node": "^16.14.0 || >=18.10.0"
      },
      "peerDependencies": {
        "@angular/core": "16.2.12",
        "rxjs": "^6.5.3 || ^7.4.0"
      }
    },
    "node_modules/@angular/core": {
      "version": "16.2.12",
      "resolved": "https://registry.npmjs.org/@angular/core/-/core-16.2.12.tgz",
      "integrity": "sha512-GLLlDeke/NjroaLYOks0uyzFVo6HyLl7VOm0K1QpLXnYvW63W9Ql/T3yguRZa7tRkOAeFZ3jw+1wnBD4O8MoUA==",
      "license": "MIT",
      "peer": true,
      "dependencies": {
        "tslib": "^2.3.0"
      },
      "engines": {
        "node": "^16.14.0 || >=18.10.0"
      },
      "peerDependencies": {
        "rxjs": "^6.5.3 || ^7.4.0",
        "zone.js": "~0.13.0"
      }
    },
    "node_modules/@angular/forms": {
      "version": "16.2.12",
      "resolved": "https://registry.npmjs.org/@angular/forms/-/forms-16.2.12.tgz",
      "integrity": "sha512-1Eao89hlBgLR3v8tU91vccn21BBKL06WWxl7zLpQmG6Hun+2jrThgOE4Pf3os4fkkbH4Apj0tWL2fNIWe/blbw==",
      "license": "MIT",
      "peer": true,
      "dependencies": {
        "tslib": "^2.3.0"
      },
      "engines": {
        "node": "^16.14.0 || >=18.10.0"
      },
      "peerDependencies": {
        "@angular/common": "16.2.12",
        "@angular/core": "16.2.12",
        "@angular/platform-browser": "16.2.12",
        "rxjs": "^6.5.3 || ^7.4.0"
      }
    },
    "node_modules/@angular/platform-browser": {
      "version": "16.2.12",
      "resolved": "https://registry.npmjs.org/@angular/platform-browser/-/platform-browser-16.2.12.tgz",
      "integrity": "sha512-NnH7ju1iirmVEsUq432DTm0nZBGQsBrU40M3ZeVHMQ2subnGiyUs3QyzDz8+VWLL/T5xTxWLt9BkDn65vgzlIQ==",
      "license": "MIT",
      "peer": true,
      "dependencies": {
        "tslib": "^2.3.0"
      },
      "engines": {
        "node": "^16.14.0 || >=18.10.0"
      },
      "peerDependencies": {
        "@angular/animations": "16.2.12",
        "@angular/common": "16.2.12",
        "@angular/core": "16.2.12"
      },
      "peerDependenciesMeta": {
        "@angular/animations": {
          "optional": true
        }
      }
    },
    "node_modules/@qodalis/angular-cli": {
      "version": "1.0.35",
      "resolved": "https://registry.npmjs.org/@qodalis/angular-cli/-/angular-cli-1.0.35.tgz",
      "integrity": "sha512-LSceF21itjxMFif/Yr7dheDTYgCXO3YK+eevCHGECGgW48MhBnqnm+mY2BQfPRDRtfXPr+YiQiMRe7ug58T7dQ==",
      "license": "MIT",
      "dependencies": {
        "@qodalis/cli-core": "^0.0.14",
        "@xterm/addon-fit": "^0.10.0",
        "@xterm/addon-unicode11": "^0.8.0",
        "@xterm/addon-web-links": "^0.11.0",
        "@xterm/addon-webgl": "^0.18.0",
        "@xterm/xterm": "^5.5.0",
        "primeicons": "^7.0.0",
        "primeng": "^16.2.0",
        "tslib": "^2.3.0"
      },
      "peerDependencies": {
        "@angular/common": "^16.2.0",
        "@angular/core": "^16.2.0"
      }
    },
    "node_modules/@qodalis/angular-cli/node_modules/@qodalis/cli-core": {
      "version": "0.0.14",
      "resolved": "https://registry.npmjs.org/@qodalis/cli-core/-/cli-core-0.0.14.tgz",
      "integrity": "sha512-4f1oTBGNBk4hqW0AVBTauKGAKxugstpTnjQ7r/ZWXpvoLNfqU6tyMJTNcdemG5dM1V/h143cw/K76m18zGIkNQ==",
      "license": "MIT",
      "dependencies": {
        "@xterm/xterm": "^5.5.0",
        "tslib": "^2.3.0"
      },
      "peerDependencies": {
        "@angular/common": "^16.2.0",
        "@angular/core": "^16.2.0"
      }
    },
    "node_modules/@qodalis/cli-core": {
      "version": "0.0.7",
      "resolved": "https://registry.npmjs.org/@qodalis/cli-core/-/cli-core-0.0.7.tgz",
      "integrity": "sha512-sRxJndYptsebWmDWq4mhfjb1toYQhwBNlZOBtM30zIjpNQZ/BtMiUbBTXhOhKwQHzt/TSDuLjiVPGLzyG/KXzA==",
      "license": "MIT",
      "dependencies": {
        "@xterm/xterm": "^5.5.0",
        "tslib": "^2.3.0"
      },
      "peerDependencies": {
        "@angular/common": "^16.2.0",
        "@angular/core": "^16.2.0"
      }
    },
    "node_modules/@types/jsdom": {
      "version": "21.1.7",
      "resolved": "https://registry.npmjs.org/@types/jsdom/-/jsdom-21.1.7.tgz",
      "integrity": "sha512-yOriVnggzrnQ3a9OKOCxaVuSug3w3/SbOj5i7VwXWZEyUNl3bLF9V3MfxGbZKuwqJOQyRfqXyROBB1CoZLFWzA==",
      "dev": true,
      "license": "MIT",
      "dependencies": {
        "@types/node": "*",
        "@types/tough-cookie": "*",
        "parse5": "^7.0.0"
      }
    },
    "node_modules/@types/node": {
      "version": "22.13.11",
      "resolved": "https://registry.npmjs.org/@types/node/-/node-22.13.11.tgz",
      "integrity": "sha512-iEUCUJoU0i3VnrCmgoWCXttklWcvoCIx4jzcP22fioIVSdTmjgoEvmAO/QPw6TcS9k5FrNgn4w7q5lGOd1CT5g==",
      "dev": true,
      "license": "MIT",
      "dependencies": {
        "undici-types": "~6.20.0"
      }
    },
    "node_modules/@types/qrcode": {
      "version": "1.5.5",
      "resolved": "https://registry.npmjs.org/@types/qrcode/-/qrcode-1.5.5.tgz",
      "integrity": "sha512-CdfBi/e3Qk+3Z/fXYShipBT13OJ2fDO2Q2w5CIP5anLTLIndQG9z6P1cnm+8zCWSpm5dnxMFd/uREtb0EXuQzg==",
      "dev": true,
      "license": "MIT",
      "dependencies": {
        "@types/node": "*"
      }
    },
    "node_modules/@types/tough-cookie": {
      "version": "4.0.5",
      "resolved": "https://registry.npmjs.org/@types/tough-cookie/-/tough-cookie-4.0.5.tgz",
      "integrity": "sha512-/Ad8+nIOV7Rl++6f1BdKxFSMgmoqEoYbHRpPcx3JEfv8VRsQe9Z4mCXeJBzxs7mbHY/XOZZuXlRNfhpVPbs6ZA==",
      "dev": true,
      "license": "MIT"
    },
    "node_modules/@xterm/addon-fit": {
      "version": "0.10.0",
      "resolved": "https://registry.npmjs.org/@xterm/addon-fit/-/addon-fit-0.10.0.tgz",
      "integrity": "sha512-UFYkDm4HUahf2lnEyHvio51TNGiLK66mqP2JoATy7hRZeXaGMRDr00JiSF7m63vR5WKATF605yEggJKsw0JpMQ==",
      "license": "MIT",
      "peerDependencies": {
        "@xterm/xterm": "^5.0.0"
      }
    },
    "node_modules/@xterm/addon-unicode11": {
      "version": "0.8.0",
      "resolved": "https://registry.npmjs.org/@xterm/addon-unicode11/-/addon-unicode11-0.8.0.tgz",
      "integrity": "sha512-LxinXu8SC4OmVa6FhgwsVCBZbr8WoSGzBl2+vqe8WcQ6hb1r6Gj9P99qTNdPiFPh4Ceiu2pC8xukZ6+2nnh49Q==",
      "license": "MIT",
      "peerDependencies": {
        "@xterm/xterm": "^5.0.0"
      }
    },
    "node_modules/@xterm/addon-web-links": {
      "version": "0.11.0",
      "resolved": "https://registry.npmjs.org/@xterm/addon-web-links/-/addon-web-links-0.11.0.tgz",
      "integrity": "sha512-nIHQ38pQI+a5kXnRaTgwqSHnX7KE6+4SVoceompgHL26unAxdfP6IPqUTSYPQgSwM56hsElfoNrrW5V7BUED/Q==",
      "license": "MIT",
      "peerDependencies": {
        "@xterm/xterm": "^5.0.0"
      }
    },
    "node_modules/@xterm/addon-webgl": {
      "version": "0.18.0",
      "resolved": "https://registry.npmjs.org/@xterm/addon-webgl/-/addon-webgl-0.18.0.tgz",
      "integrity": "sha512-xCnfMBTI+/HKPdRnSOHaJDRqEpq2Ugy8LEj9GiY4J3zJObo3joylIFaMvzBwbYRg8zLtkO0KQaStCeSfoaI2/w==",
      "license": "MIT",
      "peerDependencies": {
        "@xterm/xterm": "^5.0.0"
      }
    },
    "node_modules/@xterm/xterm": {
      "version": "5.5.0",
      "resolved": "https://registry.npmjs.org/@xterm/xterm/-/xterm-5.5.0.tgz",
      "integrity": "sha512-hqJHYaQb5OptNunnyAnkHyM8aCjZ1MEIDTQu1iIbbTD/xops91NB5yq1ZK/dC2JDbVWtF23zUtl9JE2NqwT87A==",
      "license": "MIT"
    },
    "node_modules/base64-js": {
      "version": "1.5.1",
      "resolved": "https://registry.npmjs.org/base64-js/-/base64-js-1.5.1.tgz",
      "integrity": "sha512-AKpaYlHn8t4SVbOHCy+b5+KKgvR4vrsD8vbvrbiQJps7fKDTkjkDry6ji0rUJjC0kzbNePLwzxq8iypo41qeWA==",
      "funding": [
        {
          "type": "github",
          "url": "https://github.com/sponsors/feross"
        },
        {
          "type": "patreon",
          "url": "https://www.patreon.com/feross"
        },
        {
          "type": "consulting",
          "url": "https://feross.org/support"
        }
      ],
      "license": "MIT"
    },
    "node_modules/bl": {
      "version": "4.1.0",
      "resolved": "https://registry.npmjs.org/bl/-/bl-4.1.0.tgz",
      "integrity": "sha512-1W07cM9gS6DcLperZfFSj+bWLtaPGSOHWhPiGzXmvVJbRLdG82sH/Kn8EtW1VqWVA54AKf2h5k5BbnIbwF3h6w==",
      "license": "MIT",
      "dependencies": {
        "buffer": "^5.5.0",
        "inherits": "^2.0.4",
        "readable-stream": "^3.4.0"
      }
    },
    "node_modules/buffer": {
      "version": "5.7.1",
      "resolved": "https://registry.npmjs.org/buffer/-/buffer-5.7.1.tgz",
      "integrity": "sha512-EHcyIPBQ4BSGlvjB16k5KgAJ27CIsHY/2JBmCRReo48y9rQ3MaUzWX3KVlBa4U7MyX02HdVj0K7C3WaB3ju7FQ==",
      "funding": [
        {
          "type": "github",
          "url": "https://github.com/sponsors/feross"
        },
        {
          "type": "patreon",
          "url": "https://www.patreon.com/feross"
        },
        {
          "type": "consulting",
          "url": "https://feross.org/support"
        }
      ],
      "license": "MIT",
      "dependencies": {
        "base64-js": "^1.3.1",
        "ieee754": "^1.1.13"
      }
    },
    "node_modules/canvas": {
      "version": "3.1.0",
      "resolved": "https://registry.npmjs.org/canvas/-/canvas-3.1.0.tgz",
      "integrity": "sha512-tTj3CqqukVJ9NgSahykNwtGda7V33VLObwrHfzT0vqJXu7J4d4C/7kQQW3fOEGDfZZoILPut5H00gOjyttPGyg==",
      "hasInstallScript": true,
      "license": "MIT",
      "dependencies": {
        "node-addon-api": "^7.0.0",
        "prebuild-install": "^7.1.1"
      },
      "engines": {
        "node": "^18.12.0 || >= 20.9.0"
      }
    },
    "node_modules/chownr": {
      "version": "1.1.4",
      "resolved": "https://registry.npmjs.org/chownr/-/chownr-1.1.4.tgz",
      "integrity": "sha512-jJ0bqzaylmJtVnNgzTeSOs8DPavpbYgEr/b0YL8/2GO3xJEhInFmhKMUnEJQjZumK7KXGFhUy89PrsJWlakBVg==",
      "license": "ISC"
    },
    "node_modules/decompress-response": {
      "version": "6.0.0",
      "resolved": "https://registry.npmjs.org/decompress-response/-/decompress-response-6.0.0.tgz",
      "integrity": "sha512-aW35yZM6Bb/4oJlZncMH2LCoZtJXTRxES17vE3hoRiowU2kWHaJKFkSBDnDR+cm9J+9QhXmREyIfv0pji9ejCQ==",
      "license": "MIT",
      "dependencies": {
        "mimic-response": "^3.1.0"
      },
      "engines": {
        "node": ">=10"
      },
      "funding": {
        "url": "https://github.com/sponsors/sindresorhus"
      }
    },
    "node_modules/deep-extend": {
      "version": "0.6.0",
      "resolved": "https://registry.npmjs.org/deep-extend/-/deep-extend-0.6.0.tgz",
      "integrity": "sha512-LOHxIOaPYdHlJRtCQfDIVZtfw/ufM8+rVj649RIHzcm/vGwQRXFt6OPqIFWsm2XEMrNIEtWR64sY1LEKD2vAOA==",
      "license": "MIT",
      "engines": {
        "node": ">=4.0.0"
      }
    },
    "node_modules/detect-libc": {
      "version": "2.0.3",
      "resolved": "https://registry.npmjs.org/detect-libc/-/detect-libc-2.0.3.tgz",
      "integrity": "sha512-bwy0MGW55bG41VqxxypOsdSdGqLwXPI/focwgTYCFMbdUiBAxLg9CFzG08sz2aqzknwiX7Hkl0bQENjg8iLByw==",
      "license": "Apache-2.0",
      "engines": {
        "node": ">=8"
      }
    },
    "node_modules/end-of-stream": {
      "version": "1.4.4",
      "resolved": "https://registry.npmjs.org/end-of-stream/-/end-of-stream-1.4.4.tgz",
      "integrity": "sha512-+uw1inIHVPQoaVuHzRyXd21icM+cnt4CzD5rW+NC1wjOUSTOs+Te7FOv7AhN7vS9x/oIyhLP5PR1H+phQAHu5Q==",
      "license": "MIT",
      "dependencies": {
        "once": "^1.4.0"
      }
    },
    "node_modules/entities": {
      "version": "4.5.0",
      "resolved": "https://registry.npmjs.org/entities/-/entities-4.5.0.tgz",
      "integrity": "sha512-V0hjH4dGPh9Ao5p0MoRY6BVqtwCjhz6vI5LT8AJ55H+4g9/4vbHx1I54fS0XuclLhDHArPQCiMjDxjaL8fPxhw==",
      "dev": true,
      "license": "BSD-2-Clause",
      "engines": {
        "node": ">=0.12"
      },
      "funding": {
        "url": "https://github.com/fb55/entities?sponsor=1"
      }
    },
    "node_modules/expand-template": {
      "version": "2.0.3",
      "resolved": "https://registry.npmjs.org/expand-template/-/expand-template-2.0.3.tgz",
      "integrity": "sha512-XYfuKMvj4O35f/pOXLObndIRvyQ+/+6AhODh+OKWj9S9498pHHn/IMszH+gt0fBCRWMNfk1ZSp5x3AifmnI2vg==",
      "license": "(MIT OR WTFPL)",
      "engines": {
        "node": ">=6"
      }
    },
    "node_modules/fs-constants": {
      "version": "1.0.0",
      "resolved": "https://registry.npmjs.org/fs-constants/-/fs-constants-1.0.0.tgz",
      "integrity": "sha512-y6OAwoSIf7FyjMIv94u+b5rdheZEjzR63GTyZJm5qh4Bi+2YgwLCcI/fPFZkL5PSixOt6ZNKm+w+Hfp/Bciwow==",
      "license": "MIT"
    },
    "node_modules/github-from-package": {
      "version": "0.0.0",
      "resolved": "https://registry.npmjs.org/github-from-package/-/github-from-package-0.0.0.tgz",
      "integrity": "sha512-SyHy3T1v2NUXn29OsWdxmK6RwHD+vkj3v8en8AOBZ1wBQ/hCAQ5bAQTD02kW4W9tUp/3Qh6J8r9EvntiyCmOOw==",
      "license": "MIT"
    },
    "node_modules/ieee754": {
      "version": "1.2.1",
      "resolved": "https://registry.npmjs.org/ieee754/-/ieee754-1.2.1.tgz",
      "integrity": "sha512-dcyqhDvX1C46lXZcVqCpK+FtMRQVdIMN6/Df5js2zouUsqG7I6sFxitIC+7KYK29KdXOLHdu9zL4sFnoVQnqaA==",
      "funding": [
        {
          "type": "github",
          "url": "https://github.com/sponsors/feross"
        },
        {
          "type": "patreon",
          "url": "https://www.patreon.com/feross"
        },
        {
          "type": "consulting",
          "url": "https://feross.org/support"
        }
      ],
      "license": "BSD-3-Clause"
    },
    "node_modules/inherits": {
      "version": "2.0.4",
      "resolved": "https://registry.npmjs.org/inherits/-/inherits-2.0.4.tgz",
      "integrity": "sha512-k/vGaX4/Yla3WzyMCvTQOXYeIHvqOKtnqBduzTHpzpQZzAskKMhZ2K+EnBiSM9zGSoIFeMpXKxa4dYeZIQqewQ==",
      "license": "ISC"
    },
    "node_modules/ini": {
      "version": "1.3.8",
      "resolved": "https://registry.npmjs.org/ini/-/ini-1.3.8.tgz",
      "integrity": "sha512-JV/yugV2uzW5iMRSiZAyDtQd+nxtUnjeLt0acNdw98kKLrvuRVyB80tsREOE7yvGVgalhZ6RNXCmEHkUKBKxew==",
      "license": "ISC"
    },
    "node_modules/mimic-response": {
      "version": "3.1.0",
      "resolved": "https://registry.npmjs.org/mimic-response/-/mimic-response-3.1.0.tgz",
      "integrity": "sha512-z0yWI+4FDrrweS8Zmt4Ej5HdJmky15+L2e6Wgn3+iK5fWzb6T3fhNFq2+MeTRb064c6Wr4N/wv0DzQTjNzHNGQ==",
      "license": "MIT",
      "engines": {
        "node": ">=10"
      },
      "funding": {
        "url": "https://github.com/sponsors/sindresorhus"
      }
    },
    "node_modules/minimist": {
      "version": "1.2.8",
      "resolved": "https://registry.npmjs.org/minimist/-/minimist-1.2.8.tgz",
      "integrity": "sha512-2yyAR8qBkN3YuheJanUpWC5U3bb5osDywNB8RzDVlDwDHbocAJveqqj1u8+SVD7jkWT4yvsHCpWqqWqAxb0zCA==",
      "license": "MIT",
      "funding": {
        "url": "https://github.com/sponsors/ljharb"
      }
    },
    "node_modules/mkdirp-classic": {
      "version": "0.5.3",
      "resolved": "https://registry.npmjs.org/mkdirp-classic/-/mkdirp-classic-0.5.3.tgz",
      "integrity": "sha512-gKLcREMhtuZRwRAfqP3RFW+TK4JqApVBtOIftVgjuABpAtpxhPGaDcfvbhNvD0B8iD1oUr/txX35NjcaY6Ns/A==",
      "license": "MIT"
    },
    "node_modules/napi-build-utils": {
      "version": "2.0.0",
      "resolved": "https://registry.npmjs.org/napi-build-utils/-/napi-build-utils-2.0.0.tgz",
      "integrity": "sha512-GEbrYkbfF7MoNaoh2iGG84Mnf/WZfB0GdGEsM8wz7Expx/LlWf5U8t9nvJKXSp3qr5IsEbK04cBGhol/KwOsWA==",
      "license": "MIT"
    },
    "node_modules/node-abi": {
      "version": "3.74.0",
      "resolved": "https://registry.npmjs.org/node-abi/-/node-abi-3.74.0.tgz",
      "integrity": "sha512-c5XK0MjkGBrQPGYG24GBADZud0NCbznxNx0ZkS+ebUTrmV1qTDxPxSL8zEAPURXSbLRWVexxmP4986BziahL5w==",
      "license": "MIT",
      "dependencies": {
        "semver": "^7.3.5"
      },
      "engines": {
        "node": ">=10"
      }
    },
    "node_modules/node-addon-api": {
      "version": "7.1.1",
      "resolved": "https://registry.npmjs.org/node-addon-api/-/node-addon-api-7.1.1.tgz",
      "integrity": "sha512-5m3bsyrjFWE1xf7nz7YXdN4udnVtXK6/Yfgn5qnahL6bCkf2yKt4k3nuTKAtT4r3IG8JNR2ncsIMdZuAzJjHQQ==",
      "license": "MIT"
    },
    "node_modules/once": {
      "version": "1.4.0",
      "resolved": "https://registry.npmjs.org/once/-/once-1.4.0.tgz",
      "integrity": "sha512-lNaJgI+2Q5URQBkccEKHTQOPaXdUxnZZElQTZY0MFUAuaEqe1E+Nyvgdz/aIyNi6Z9MzO5dv1H8n58/GELp3+w==",
      "license": "ISC",
      "dependencies": {
        "wrappy": "1"
      }
    },
    "node_modules/parse5": {
      "version": "7.2.1",
      "resolved": "https://registry.npmjs.org/parse5/-/parse5-7.2.1.tgz",
      "integrity": "sha512-BuBYQYlv1ckiPdQi/ohiivi9Sagc9JG+Ozs0r7b/0iK3sKmrb0b9FdWdBbOdx6hBCM/F9Ir82ofnBhtZOjCRPQ==",
      "dev": true,
      "license": "MIT",
      "dependencies": {
        "entities": "^4.5.0"
      },
      "funding": {
        "url": "https://github.com/inikulin/parse5?sponsor=1"
      }
    },
    "node_modules/prebuild-install": {
      "version": "7.1.3",
      "resolved": "https://registry.npmjs.org/prebuild-install/-/prebuild-install-7.1.3.tgz",
      "integrity": "sha512-8Mf2cbV7x1cXPUILADGI3wuhfqWvtiLA1iclTDbFRZkgRQS0NqsPZphna9V+HyTEadheuPmjaJMsbzKQFOzLug==",
      "license": "MIT",
      "dependencies": {
        "detect-libc": "^2.0.0",
        "expand-template": "^2.0.3",
        "github-from-package": "0.0.0",
        "minimist": "^1.2.3",
        "mkdirp-classic": "^0.5.3",
        "napi-build-utils": "^2.0.0",
        "node-abi": "^3.3.0",
        "pump": "^3.0.0",
        "rc": "^1.2.7",
        "simple-get": "^4.0.0",
        "tar-fs": "^2.0.0",
        "tunnel-agent": "^0.6.0"
      },
      "bin": {
        "prebuild-install": "bin.js"
      },
      "engines": {
        "node": ">=10"
      }
    },
    "node_modules/primeicons": {
      "version": "7.0.0",
      "resolved": "https://registry.npmjs.org/primeicons/-/primeicons-7.0.0.tgz",
      "integrity": "sha512-jK3Et9UzwzTsd6tzl2RmwrVY/b8raJ3QZLzoDACj+oTJ0oX7L9Hy+XnVwgo4QVKlKpnP/Ur13SXV/pVh4LzaDw==",
      "license": "MIT"
    },
    "node_modules/primeng": {
      "version": "16.9.1",
      "resolved": "https://registry.npmjs.org/primeng/-/primeng-16.9.1.tgz",
      "integrity": "sha512-dCkvKoV62xDEyeGaEm8B0qncdKWNz4mDU/Camnr27AafaDNGV0lCA29imgJvZPEmJTmC2wDhtedg7Syfwz4UqA==",
      "license": "MIT",
      "dependencies": {
        "tslib": "^2.3.0"
      },
      "peerDependencies": {
        "@angular/common": "^16.2.0",
        "@angular/core": "^16.2.0",
        "@angular/forms": "^16.2.0",
        "rxjs": "^6.0.0 || ^7.8.1",
        "zone.js": "~0.13.0"
      }
    },
    "node_modules/pump": {
      "version": "3.0.2",
      "resolved": "https://registry.npmjs.org/pump/-/pump-3.0.2.tgz",
      "integrity": "sha512-tUPXtzlGM8FE3P0ZL6DVs/3P58k9nk8/jZeQCurTJylQA8qFYzHFfhBJkuqyE0FifOsQ0uKWekiZ5g8wtr28cw==",
      "license": "MIT",
      "dependencies": {
        "end-of-stream": "^1.1.0",
        "once": "^1.3.1"
      }
    },
    "node_modules/qr-code-styling": {
      "version": "1.9.1",
      "resolved": "https://registry.npmjs.org/qr-code-styling/-/qr-code-styling-1.9.1.tgz",
      "integrity": "sha512-T/VxQchuZkQwYhIcyyMUmtXHPeDT6lJBYHfqGD5CBDyIjswxS7JZKf443q+SXO1K/9SUswi6JpXEUQ5AoMCpyg==",
      "license": "MIT",
      "dependencies": {
        "qrcode-generator": "^1.4.4"
      },
      "engines": {
        "node": ">=18.18.0"
      }
    },
    "node_modules/qrcode-generator": {
      "version": "1.4.4",
      "resolved": "https://registry.npmjs.org/qrcode-generator/-/qrcode-generator-1.4.4.tgz",
      "integrity": "sha512-HM7yY8O2ilqhmULxGMpcHSF1EhJJ9yBj8gvDEuZ6M+KGJ0YY2hKpnXvRD+hZPLrDVck3ExIGhmPtSdcjC+guuw==",
      "license": "MIT"
    },
    "node_modules/rc": {
      "version": "1.2.8",
      "resolved": "https://registry.npmjs.org/rc/-/rc-1.2.8.tgz",
      "integrity": "sha512-y3bGgqKj3QBdxLbLkomlohkvsA8gdAiUQlSBJnBhfn+BPxg4bc62d8TcBW15wavDfgexCgccckhcZvywyQYPOw==",
      "license": "(BSD-2-Clause OR MIT OR Apache-2.0)",
      "dependencies": {
        "deep-extend": "^0.6.0",
        "ini": "~1.3.0",
        "minimist": "^1.2.0",
        "strip-json-comments": "~2.0.1"
      },
      "bin": {
        "rc": "cli.js"
      }
    },
    "node_modules/readable-stream": {
      "version": "3.6.2",
      "resolved": "https://registry.npmjs.org/readable-stream/-/readable-stream-3.6.2.tgz",
      "integrity": "sha512-9u/sniCrY3D5WdsERHzHE4G2YCXqoG5FTHUiCC4SIbr6XcLZBY05ya9EKjYek9O5xOAwjGq+1JdGBAS7Q9ScoA==",
      "license": "MIT",
      "dependencies": {
        "inherits": "^2.0.3",
        "string_decoder": "^1.1.1",
        "util-deprecate": "^1.0.1"
      },
      "engines": {
        "node": ">= 6"
      }
    },
    "node_modules/rxjs": {
      "version": "7.8.2",
      "resolved": "https://registry.npmjs.org/rxjs/-/rxjs-7.8.2.tgz",
      "integrity": "sha512-dhKf903U/PQZY6boNNtAGdWbG85WAbjT/1xYoZIC7FAY0yWapOBQVsVrDl58W86//e1VpMNBtRV4MaXfdMySFA==",
      "license": "Apache-2.0",
      "peer": true,
      "dependencies": {
        "tslib": "^2.1.0"
      }
    },
    "node_modules/safe-buffer": {
      "version": "5.2.1",
      "resolved": "https://registry.npmjs.org/safe-buffer/-/safe-buffer-5.2.1.tgz",
      "integrity": "sha512-rp3So07KcdmmKbGvgaNxQSJr7bGVSVk5S9Eq1F+ppbRo70+YeaDxkw5Dd8NPN+GD6bjnYm2VuPuCXmpuYvmCXQ==",
      "funding": [
        {
          "type": "github",
          "url": "https://github.com/sponsors/feross"
        },
        {
          "type": "patreon",
          "url": "https://www.patreon.com/feross"
        },
        {
          "type": "consulting",
          "url": "https://feross.org/support"
        }
      ],
      "license": "MIT"
    },
    "node_modules/semver": {
      "version": "7.7.1",
      "resolved": "https://registry.npmjs.org/semver/-/semver-7.7.1.tgz",
      "integrity": "sha512-hlq8tAfn0m/61p4BVRcPzIGr6LKiMwo4VM6dGi6pt4qcRkmNzTcWq6eCEjEh+qXjkMDvPlOFFSGwQjoEa6gyMA==",
      "license": "ISC",
      "bin": {
        "semver": "bin/semver.js"
      },
      "engines": {
        "node": ">=10"
      }
    },
    "node_modules/simple-concat": {
      "version": "1.0.1",
      "resolved": "https://registry.npmjs.org/simple-concat/-/simple-concat-1.0.1.tgz",
      "integrity": "sha512-cSFtAPtRhljv69IK0hTVZQ+OfE9nePi/rtJmw5UjHeVyVroEqJXP1sFztKUy1qU+xvz3u/sfYJLa947b7nAN2Q==",
      "funding": [
        {
          "type": "github",
          "url": "https://github.com/sponsors/feross"
        },
        {
          "type": "patreon",
          "url": "https://www.patreon.com/feross"
        },
        {
          "type": "consulting",
          "url": "https://feross.org/support"
        }
      ],
      "license": "MIT"
    },
    "node_modules/simple-get": {
      "version": "4.0.1",
      "resolved": "https://registry.npmjs.org/simple-get/-/simple-get-4.0.1.tgz",
      "integrity": "sha512-brv7p5WgH0jmQJr1ZDDfKDOSeWWg+OVypG99A/5vYGPqJ6pxiaHLy8nxtFjBA7oMa01ebA9gfh1uMCFqOuXxvA==",
      "funding": [
        {
          "type": "github",
          "url": "https://github.com/sponsors/feross"
        },
        {
          "type": "patreon",
          "url": "https://www.patreon.com/feross"
        },
        {
          "type": "consulting",
          "url": "https://feross.org/support"
        }
      ],
      "license": "MIT",
      "dependencies": {
        "decompress-response": "^6.0.0",
        "once": "^1.3.1",
        "simple-concat": "^1.0.0"
      }
    },
    "node_modules/string_decoder": {
      "version": "1.3.0",
      "resolved": "https://registry.npmjs.org/string_decoder/-/string_decoder-1.3.0.tgz",
      "integrity": "sha512-hkRX8U1WjJFd8LsDJ2yQ/wWWxaopEsABU1XfkM8A+j0+85JAGppt16cr1Whg6KIbb4okU6Mql6BOj+uup/wKeA==",
      "license": "MIT",
      "dependencies": {
        "safe-buffer": "~5.2.0"
      }
    },
    "node_modules/strip-json-comments": {
      "version": "2.0.1",
      "resolved": "https://registry.npmjs.org/strip-json-comments/-/strip-json-comments-2.0.1.tgz",
      "integrity": "sha512-4gB8na07fecVVkOI6Rs4e7T6NOTki5EmL7TUduTs6bu3EdnSycntVJ4re8kgZA+wx9IueI2Y11bfbgwtzuE0KQ==",
      "license": "MIT",
      "engines": {
        "node": ">=0.10.0"
      }
    },
    "node_modules/tar-fs": {
      "version": "2.1.2",
      "resolved": "https://registry.npmjs.org/tar-fs/-/tar-fs-2.1.2.tgz",
      "integrity": "sha512-EsaAXwxmx8UB7FRKqeozqEPop69DXcmYwTQwXvyAPF352HJsPdkVhvTaDPYqfNgruveJIJy3TA2l+2zj8LJIJA==",
      "license": "MIT",
      "dependencies": {
        "chownr": "^1.1.1",
        "mkdirp-classic": "^0.5.2",
        "pump": "^3.0.0",
        "tar-stream": "^2.1.4"
      }
    },
    "node_modules/tar-stream": {
      "version": "2.2.0",
      "resolved": "https://registry.npmjs.org/tar-stream/-/tar-stream-2.2.0.tgz",
      "integrity": "sha512-ujeqbceABgwMZxEJnk2HDY2DlnUZ+9oEcb1KzTVfYHio0UE6dG71n60d8D2I4qNvleWrrXpmjpt7vZeF1LnMZQ==",
      "license": "MIT",
      "dependencies": {
        "bl": "^4.0.3",
        "end-of-stream": "^1.4.1",
        "fs-constants": "^1.0.0",
        "inherits": "^2.0.3",
        "readable-stream": "^3.1.1"
      },
      "engines": {
        "node": ">=6"
      }
    },
    "node_modules/tslib": {
      "version": "2.8.1",
      "resolved": "https://registry.npmjs.org/tslib/-/tslib-2.8.1.tgz",
      "integrity": "sha512-oJFu94HQb+KVduSUQL7wnpmqnfmLsOA/nAh6b6EH0wCEoK0/mPeXU6c3wKDV83MkOuHPRHtSXKKU99IBazS/2w==",
      "license": "0BSD"
    },
    "node_modules/tunnel-agent": {
      "version": "0.6.0",
      "resolved": "https://registry.npmjs.org/tunnel-agent/-/tunnel-agent-0.6.0.tgz",
      "integrity": "sha512-McnNiV1l8RYeY8tBgEpuodCC1mLUdbSN+CYBL7kJsJNInOP8UjDDEwdk6Mw60vdLLrr5NHKZhMAOSrR2NZuQ+w==",
      "license": "Apache-2.0",
      "dependencies": {
        "safe-buffer": "^5.0.1"
      },
      "engines": {
        "node": "*"
      }
    },
    "node_modules/undici-types": {
      "version": "6.20.0",
      "resolved": "https://registry.npmjs.org/undici-types/-/undici-types-6.20.0.tgz",
      "integrity": "sha512-Ny6QZ2Nju20vw1SRHe3d9jVu6gJ+4e3+MMpqu7pqE5HT6WsTSlce++GQmK5UXS8mzV8DSYHrQH+Xrf2jVcuKNg==",
      "dev": true,
      "license": "MIT"
    },
    "node_modules/util-deprecate": {
      "version": "1.0.2",
      "resolved": "https://registry.npmjs.org/util-deprecate/-/util-deprecate-1.0.2.tgz",
      "integrity": "sha512-EPD5q1uXyFxJpCrLnCc1nHnq3gOa6DZBocAIiI2TaSCA7VCJ1UJDMagCzIkXNsUYfD1daK//LTEQ8xiIbrHtcw==",
      "license": "MIT"
    },
    "node_modules/wrappy": {
      "version": "1.0.2",
      "resolved": "https://registry.npmjs.org/wrappy/-/wrappy-1.0.2.tgz",
      "integrity": "sha512-l4Sp/DRseor9wL6EvV2+TuQn63dMkPjZ/sp9XkghTEbV9KlPS1xUsZ3u7/IQO4wxtcFB4bgpQPRcR3QCvezPcQ==",
      "license": "ISC"
    },
    "node_modules/zone.js": {
      "version": "0.13.3",
      "resolved": "https://registry.npmjs.org/zone.js/-/zone.js-0.13.3.tgz",
      "integrity": "sha512-MKPbmZie6fASC/ps4dkmIhaT5eonHkEt6eAy80K42tAm0G2W+AahLJjbfi6X9NPdciOE9GRFTTM8u2IiF6O3ww==",
      "license": "MIT",
      "peer": true,
      "dependencies": {
        "tslib": "^2.3.0"
      }
    }
  }
}
